
Microsoft Visual Studio Solution File, Format Version 12.00
# Visual Studio Version 17
VisualStudioVersion = 17.2.32616.157
MinimumVisualStudioVersion = 10.0.40219.1
Project("{FAE04EC0-301F-11D3-BF4B-00C04F79EFBC}") = "GameAutoDetect", "GameAutoDetect\GameAutoDetect.csproj", "{C2EA1869-BB86-4EC9-BF82-ABC5D303CEBB}"
EndProject
Global
	GlobalSection(SolutionConfigurationPlatforms) = preSolution
		Debug|Any CPU = Debug|Any CPU
		Release|Any CPU = Release|Any CPU
	EndGlobalSection
	GlobalSection(ProjectConfigurationPlatforms) = postSolution
		{C2EA1869-BB86-4EC9-BF82-ABC5D303CEBB}.Debug|Any CPU.ActiveCfg = Debug|Any CPU
		{C2EA1869-BB86-4EC9-BF82-ABC5D303CEBB}.Debug|Any CPU.Build.0 = Debug|Any CPU
		{C2EA1869-BB86-4EC9-BF82-ABC5D303CEBB}.Release|Any CPU.ActiveCfg = Release|Any CPU
		{C2EA1869-BB86-4EC9-BF82-ABC5D303CEBB}.Release|Any CPU.Build.0 = Release|Any CPU
	EndGlobalSection
	GlobalSection(SolutionProperties) = preSolution
		HideSolutionNode = FALSE
	EndGlobalSection
	GlobalSection(ExtensibilityGlobals) = postSolution
		SolutionGuid = {340FA8B4-2239-4241-8254-888D306D4809}
	EndGlobalSection
EndGlobal
